
Microsoft Visual Studio Solution File, Format Version 12.00
# Visual Studio Version 16
VisualStudioVersion = 16.0.31515.178
MinimumVisualStudioVersion = 10.0.40219.1
Project("{9A19103F-16F7-4668-BE54-9A1E7A4F7556}") = "AzureAD", "AzureAD\AzureAD.csproj", "{52E80C84-EF4D-4507-919E-9E474B21D000}"
EndProject
Project("{9A19103F-16F7-4668-BE54-9A1E7A4F7556}") = "AzureAD.WinForms", "AzureAD.WinForms\AzureAD.WinForms.csproj", "{2E7C4125-73BD-4824-AC77-AD3520E6E02B}"
EndProject
Project("{9A19103F-16F7-4668-BE54-9A1E7A4F7556}") = "AzureADExperimentsForm", "AzureADExperimentsForm\AzureADExperimentsForm.csproj", "{1BDC23A9-0FB5-4601-89ED-028980AC0498}"
EndProject
Project("{9A19103F-16F7-4668-BE54-9A1E7A4F7556}") = "Nedra.Birthdays", "Nedra.Birthdays\Nedra.Birthdays.csproj", "{0C7E6501-22EE-4142-9CC8-396AE70BE5BF}"
EndProject
Project("{9A19103F-16F7-4668-BE54-9A1E7A4F7556}") = "Nedra.Import.Data", "Nedra.Import.Data\Nedra.Import.Data.csproj", "{B47C3D40-5032-486E-B5C6-CCECB3A18453}"
EndProject
Project("{FAE04EC0-301F-11D3-BF4B-00C04F79EFBC}") = "Nedra.Azure.Experiments", "Nedra.Azure.Experiments\Nedra.Azure.Experiments.csproj", "{4C4A0EDE-23D8-4A9A-93F3-5B6EFD02A8AC}"
EndProject
Global
	GlobalSection(SolutionConfigurationPlatforms) = preSolution
		Debug|Any CPU = Debug|Any CPU
		Release|Any CPU = Release|Any CPU
	EndGlobalSection
	GlobalSection(ProjectConfigurationPlatforms) = postSolution
		{52E80C84-EF4D-4507-919E-9E474B21D000}.Debug|Any CPU.ActiveCfg = Debug|Any CPU
		{52E80C84-EF4D-4507-919E-9E474B21D000}.Debug|Any CPU.Build.0 = Debug|Any CPU
		{52E80C84-EF4D-4507-919E-9E474B21D000}.Release|Any CPU.ActiveCfg = Release|Any CPU
		{52E80C84-EF4D-4507-919E-9E474B21D000}.Release|Any CPU.Build.0 = Release|Any CPU
		{2E7C4125-73BD-4824-AC77-AD3520E6E02B}.Debug|Any CPU.ActiveCfg = Debug|Any CPU
		{2E7C4125-73BD-4824-AC77-AD3520E6E02B}.Debug|Any CPU.Build.0 = Debug|Any CPU
		{2E7C4125-73BD-4824-AC77-AD3520E6E02B}.Release|Any CPU.ActiveCfg = Release|Any CPU
		{2E7C4125-73BD-4824-AC77-AD3520E6E02B}.Release|Any CPU.Build.0 = Release|Any CPU
		{1BDC23A9-0FB5-4601-89ED-028980AC0498}.Debug|Any CPU.ActiveCfg = Debug|Any CPU
		{1BDC23A9-0FB5-4601-89ED-028980AC0498}.Debug|Any CPU.Build.0 = Debug|Any CPU
		{1BDC23A9-0FB5-4601-89ED-028980AC0498}.Release|Any CPU.ActiveCfg = Release|Any CPU
		{1BDC23A9-0FB5-4601-89ED-028980AC0498}.Release|Any CPU.Build.0 = Release|Any CPU
		{0C7E6501-22EE-4142-9CC8-396AE70BE5BF}.Debug|Any CPU.ActiveCfg = Debug|Any CPU
		{0C7E6501-22EE-4142-9CC8-396AE70BE5BF}.Debug|Any CPU.Build.0 = Debug|Any CPU
		{0C7E6501-22EE-4142-9CC8-396AE70BE5BF}.Release|Any CPU.ActiveCfg = Release|Any CPU
		{0C7E6501-22EE-4142-9CC8-396AE70BE5BF}.Release|Any CPU.Build.0 = Release|Any CPU
		{B47C3D40-5032-486E-B5C6-CCECB3A18453}.Debug|Any CPU.ActiveCfg = Debug|Any CPU
		{B47C3D40-5032-486E-B5C6-CCECB3A18453}.Debug|Any CPU.Build.0 = Debug|Any CPU
		{B47C3D40-5032-486E-B5C6-CCECB3A18453}.Release|Any CPU.ActiveCfg = Release|Any CPU
		{B47C3D40-5032-486E-B5C6-CCECB3A18453}.Release|Any CPU.Build.0 = Release|Any CPU
		{4C4A0EDE-23D8-4A9A-93F3-5B6EFD02A8AC}.Debug|Any CPU.ActiveCfg = Debug|Any CPU
		{4C4A0EDE-23D8-4A9A-93F3-5B6EFD02A8AC}.Debug|Any CPU.Build.0 = Debug|Any CPU
		{4C4A0EDE-23D8-4A9A-93F3-5B6EFD02A8AC}.Release|Any CPU.ActiveCfg = Release|Any CPU
		{4C4A0EDE-23D8-4A9A-93F3-5B6EFD02A8AC}.Release|Any CPU.Build.0 = Release|Any CPU
	EndGlobalSection
	GlobalSection(SolutionProperties) = preSolution
		HideSolutionNode = FALSE
	EndGlobalSection
	GlobalSection(ExtensibilityGlobals) = postSolution
		SolutionGuid = {3780D3F3-B9F1-465D-9DE7-0C3015BF80C6}
	EndGlobalSection
EndGlobal
